// !$*UTF8*$!
{
	archiveVersion = 1;
	classes = {
	};
	objectVersion = 46;
	objects = {

/* Begin PBXBuildFile section */
		EB02A414202FD79B00C4F3FE /* Search_Insert_Position.swift in Sources */ = {isa = PBXBuildFile; fileRef = EB02A413202FD79B00C4F3FE /* Search_Insert_Position.swift */; };
		EB02A41C202FE6D500C4F3FE /* Count_And_Say.swift in Sources */ = {isa = PBXBuildFile; fileRef = EB02A41B202FE6D500C4F3FE /* Count_And_Say.swift */; };
		EB02A41E202FED3D00C4F3FE /* Maximum_Subarray.swift in Sources */ = {isa = PBXBuildFile; fileRef = EB02A41D202FED3D00C4F3FE /* Maximum_Subarray.swift */; };
		EB28B030202C53BF001E8AFC /* Longest_Common_Prefix.swift in Sources */ = {isa = PBXBuildFile; fileRef = EB28B02F202C53BF001E8AFC /* Longest_Common_Prefix.swift */; };
		EB28B032202C54A3001E8AFC /* Is_Palindrome.swift in Sources */ = {isa = PBXBuildFile; fileRef = EB28B031202C54A3001E8AFC /* Is_Palindrome.swift */; };
		EB28B034202C54D2001E8AFC /* Roman_To_Int.swift in Sources */ = {isa = PBXBuildFile; fileRef = EB28B033202C54D2001E8AFC /* Roman_To_Int.swift */; };
		EB28B036202D7541001E8AFC /* Valid_Parentheses.swift in Sources */ = {isa = PBXBuildFile; fileRef = EB28B035202D7541001E8AFC /* Valid_Parentheses.swift */; };
		EB39B96E1D80EFDA0037BB89 /* String_To_Integer(aoti).swift in Sources */ = {isa = PBXBuildFile; fileRef = EB39B96D1D80EFDA0037BB89 /* String_To_Integer(aoti).swift */; };
		EB5193F5202D997F00845E12 /* Implement_strStr.swift in Sources */ = {isa = PBXBuildFile; fileRef = EB5193F4202D997F00845E12 /* Implement_strStr.swift */; };
		EB5DA0821CEDBC710060092D /* AppDelegate.swift in Sources */ = {isa = PBXBuildFile; fileRef = EB5DA0811CEDBC710060092D /* AppDelegate.swift */; };
		EB5DA0841CEDBC710060092D /* ViewController.swift in Sources */ = {isa = PBXBuildFile; fileRef = EB5DA0831CEDBC710060092D /* ViewController.swift */; };
		EB5DA0871CEDBC710060092D /* Main.storyboard in Resources */ = {isa = PBXBuildFile; fileRef = EB5DA0851CEDBC710060092D /* Main.storyboard */; };
		EB5DA0891CEDBC710060092D /* Assets.xcassets in Resources */ = {isa = PBXBuildFile; fileRef = EB5DA0881CEDBC710060092D /* Assets.xcassets */; };
		EB5DA08C1CEDBC710060092D /* LaunchScreen.storyboard in Resources */ = {isa = PBXBuildFile; fileRef = EB5DA08A1CEDBC710060092D /* LaunchScreen.storyboard */; };
		EB5DA0971CEDBC710060092D /* LeetCodeTowSumTests.swift in Sources */ = {isa = PBXBuildFile; fileRef = EB5DA0961CEDBC710060092D /* LeetCodeTowSumTests.swift */; };
		EB5DA0A21CEDBC710060092D /* LeetCodeTowSumUITests.swift in Sources */ = {isa = PBXBuildFile; fileRef = EB5DA0A11CEDBC710060092D /* LeetCodeTowSumUITests.swift */; };
		EB66D3E7203E525A00D449D1 /* Sqrt(x).swift in Sources */ = {isa = PBXBuildFile; fileRef = EB66D3E6203E525A00D449D1 /* Sqrt(x).swift */; };
		EB70191520302AB9007757EF /* Length_Of_Last_Word.swift in Sources */ = {isa = PBXBuildFile; fileRef = EB70191420302AB9007757EF /* Length_Of_Last_Word.swift */; };
		EB717B3E1D6FF225003F849C /* Median_Of_Two_Sorted_Array.swift in Sources */ = {isa = PBXBuildFile; fileRef = EB717B3D1D6FF225003F849C /* Median_Of_Two_Sorted_Array.swift */; };
		EB717B401D6FF267003F849C /* Longest_Substring_Without_Repeating_Characters.swift in Sources */ = {isa = PBXBuildFile; fileRef = EB717B3F1D6FF267003F849C /* Longest_Substring_Without_Repeating_Characters.swift */; };
		EB717B421D6FFC99003F849C /* Add_Two_Numbers.swift in Sources */ = {isa = PBXBuildFile; fileRef = EB717B411D6FFC99003F849C /* Add_Two_Numbers.swift */; };
		EB717B441D6FFCC1003F849C /* Solution.swift in Sources */ = {isa = PBXBuildFile; fileRef = EB717B431D6FFCC1003F849C /* Solution.swift */; };
		EB717B461D6FFD2A003F849C /* Two_Sum.swift in Sources */ = {isa = PBXBuildFile; fileRef = EB717B451D6FFD2A003F849C /* Two_Sum.swift */; };
		EB717B5B1D73E500003F849C /* Longest_Palindromic_Substring.swift in Sources */ = {isa = PBXBuildFile; fileRef = EB717B5A1D73E500003F849C /* Longest_Palindromic_Substring.swift */; };
		EB8D16C81D7D742B003E64C8 /* ZigZag_Conversion.swift in Sources */ = {isa = PBXBuildFile; fileRef = EB8D16C71D7D742B003E64C8 /* ZigZag_Conversion.swift */; };
		EB8D16E31D7FA3BC003E64C8 /* Reverse_Integer.swift in Sources */ = {isa = PBXBuildFile; fileRef = EB8D16E21D7FA3BC003E64C8 /* Reverse_Integer.swift */; };
		EBA3A4632030380700E6D497 /* Add_Binary.swift in Sources */ = {isa = PBXBuildFile; fileRef = EBA3A4622030380700E6D497 /* Add_Binary.swift */; };
		EBC082A4202D7ECE00E2036D /* Merge_Two_Lists.swift in Sources */ = {isa = PBXBuildFile; fileRef = EBC082A3202D7ECE00E2036D /* Merge_Two_Lists.swift */; };
		EBC082A6202D863800E2036D /* Remove_Duplicates_From_Sorted_Array.swift in Sources */ = {isa = PBXBuildFile; fileRef = EBC082A5202D863800E2036D /* Remove_Duplicates_From_Sorted_Array.swift */; };
		EBC082A8202D8AC800E2036D /* Remove_Element.swift in Sources */ = {isa = PBXBuildFile; fileRef = EBC082A7202D8AC800E2036D /* Remove_Element.swift */; };
		EBDE85842030316B00BDBF5F /* Plus_One.swift in Sources */ = {isa = PBXBuildFile; fileRef = EBDE85832030316B00BDBF5F /* Plus_One.swift */; };
		EBEFC947203E60F50013D9D0 /* Climbing_Stairs.swift in Sources */ = {isa = PBXBuildFile; fileRef = EBEFC946203E60F50013D9D0 /* Climbing_Stairs.swift */; };
/* End PBXBuildFile section */

/* Begin PBXContainerItemProxy section */
		EB5DA0931CEDBC710060092D /* PBXContainerItemProxy */ = {
			isa = PBXContainerItemProxy;
			containerPortal = EB5DA0761CEDBC710060092D /* Project object */;
			proxyType = 1;
			remoteGlobalIDString = EB5DA07D1CEDBC710060092D;
			remoteInfo = LeetCodeTowSum;
		};
		EB5DA09E1CEDBC710060092D /* PBXContainerItemProxy */ = {
			isa = PBXContainerItemProxy;
			containerPortal = EB5DA0761CEDBC710060092D /* Project object */;
			proxyType = 1;
			remoteGlobalIDString = EB5DA07D1CEDBC710060092D;
			remoteInfo = LeetCodeTowSum;
		};
/* End PBXContainerItemProxy section */

/* Begin PBXFileReference section */
		EB02A413202FD79B00C4F3FE /* Search_Insert_Position.swift */ = {isa = PBXFileReference; lastKnownFileType = sourcecode.swift; path = Search_Insert_Position.swift; sourceTree = "<group>"; };
		EB02A41B202FE6D500C4F3FE /* Count_And_Say.swift */ = {isa = PBXFileReference; lastKnownFileType = sourcecode.swift; path = Count_And_Say.swift; sourceTree = "<group>"; };
		EB02A41D202FED3D00C4F3FE /* Maximum_Subarray.swift */ = {isa = PBXFileReference; lastKnownFileType = sourcecode.swift; path = Maximum_Subarray.swift; sourceTree = "<group>"; };
		EB28B02F202C53BF001E8AFC /* Longest_Common_Prefix.swift */ = {isa = PBXFileReference; lastKnownFileType = sourcecode.swift; path = Longest_Common_Prefix.swift; sourceTree = "<group>"; };
		EB28B031202C54A3001E8AFC /* Is_Palindrome.swift */ = {isa = PBXFileReference; lastKnownFileType = sourcecode.swift; path = Is_Palindrome.swift; sourceTree = "<group>"; };
		EB28B033202C54D2001E8AFC /* Roman_To_Int.swift */ = {isa = PBXFileReference; lastKnownFileType = sourcecode.swift; path = Roman_To_Int.swift; sourceTree = "<group>"; };
		EB28B035202D7541001E8AFC /* Valid_Parentheses.swift */ = {isa = PBXFileReference; lastKnownFileType = sourcecode.swift; path = Valid_Parentheses.swift; sourceTree = "<group>"; };
		EB39B96D1D80EFDA0037BB89 /* String_To_Integer(aoti).swift */ = {isa = PBXFileReference; fileEncoding = 4; lastKnownFileType = sourcecode.swift; path = "String_To_Integer(aoti).swift"; sourceTree = "<group>"; };
		EB5193F4202D997F00845E12 /* Implement_strStr.swift */ = {isa = PBXFileReference; lastKnownFileType = sourcecode.swift; path = Implement_strStr.swift; sourceTree = "<group>"; };
		EB5DA07E1CEDBC710060092D /* LeetCodePractice.app */ = {isa = PBXFileReference; explicitFileType = wrapper.application; includeInIndex = 0; path = LeetCodePractice.app; sourceTree = BUILT_PRODUCTS_DIR; };
		EB5DA0811CEDBC710060092D /* AppDelegate.swift */ = {isa = PBXFileReference; lastKnownFileType = sourcecode.swift; path = AppDelegate.swift; sourceTree = "<group>"; };
		EB5DA0831CEDBC710060092D /* ViewController.swift */ = {isa = PBXFileReference; lastKnownFileType = sourcecode.swift; path = ViewController.swift; sourceTree = "<group>"; };
		EB5DA0861CEDBC710060092D /* Base */ = {isa = PBXFileReference; lastKnownFileType = file.storyboard; name = Base; path = Base.lproj/Main.storyboard; sourceTree = "<group>"; };
		EB5DA0881CEDBC710060092D /* Assets.xcassets */ = {isa = PBXFileReference; lastKnownFileType = folder.assetcatalog; path = Assets.xcassets; sourceTree = "<group>"; };
		EB5DA08B1CEDBC710060092D /* Base */ = {isa = PBXFileReference; lastKnownFileType = file.storyboard; name = Base; path = Base.lproj/LaunchScreen.storyboard; sourceTree = "<group>"; };
		EB5DA08D1CEDBC710060092D /* Info.plist */ = {isa = PBXFileReference; lastKnownFileType = text.plist.xml; path = Info.plist; sourceTree = "<group>"; };
		EB5DA0921CEDBC710060092D /* LeetCodePractice.xctest */ = {isa = PBXFileReference; explicitFileType = wrapper.cfbundle; includeInIndex = 0; path = LeetCodePractice.xctest; sourceTree = BUILT_PRODUCTS_DIR; };
		EB5DA0961CEDBC710060092D /* LeetCodeTowSumTests.swift */ = {isa = PBXFileReference; lastKnownFileType = sourcecode.swift; path = LeetCodeTowSumTests.swift; sourceTree = "<group>"; };
		EB5DA0981CEDBC710060092D /* Info.plist */ = {isa = PBXFileReference; lastKnownFileType = text.plist.xml; path = Info.plist; sourceTree = "<group>"; };
		EB5DA09D1CEDBC710060092D /* LeetCodePractice.xctest */ = {isa = PBXFileReference; explicitFileType = wrapper.cfbundle; includeInIndex = 0; path = LeetCodePractice.xctest; sourceTree = BUILT_PRODUCTS_DIR; };
		EB5DA0A11CEDBC710060092D /* LeetCodeTowSumUITests.swift */ = {isa = PBXFileReference; lastKnownFileType = sourcecode.swift; path = LeetCodeTowSumUITests.swift; sourceTree = "<group>"; };
		EB5DA0A31CEDBC710060092D /* Info.plist */ = {isa = PBXFileReference; lastKnownFileType = text.plist.xml; path = Info.plist; sourceTree = "<group>"; };
		EB66D3E6203E525A00D449D1 /* Sqrt(x).swift */ = {isa = PBXFileReference; lastKnownFileType = sourcecode.swift; path = "Sqrt(x).swift"; sourceTree = "<group>"; };
		EB70191420302AB9007757EF /* Length_Of_Last_Word.swift */ = {isa = PBXFileReference; lastKnownFileType = sourcecode.swift; path = Length_Of_Last_Word.swift; sourceTree = "<group>"; };
		EB717B3D1D6FF225003F849C /* Median_Of_Two_Sorted_Array.swift */ = {isa = PBXFileReference; fileEncoding = 4; lastKnownFileType = sourcecode.swift; path = Median_Of_Two_Sorted_Array.swift; sourceTree = "<group>"; };
		EB717B3F1D6FF267003F849C /* Longest_Substring_Without_Repeating_Characters.swift */ = {isa = PBXFileReference; fileEncoding = 4; lastKnownFileType = sourcecode.swift; path = Longest_Substring_Without_Repeating_Characters.swift; sourceTree = "<group>"; };
		EB717B411D6FFC99003F849C /* Add_Two_Numbers.swift */ = {isa = PBXFileReference; fileEncoding = 4; lastKnownFileType = sourcecode.swift; path = Add_Two_Numbers.swift; sourceTree = "<group>"; };
		EB717B431D6FFCC1003F849C /* Solution.swift */ = {isa = PBXFileReference; fileEncoding = 4; lastKnownFileType = sourcecode.swift; path = Solution.swift; sourceTree = "<group>"; };
		EB717B451D6FFD2A003F849C /* Two_Sum.swift */ = {isa = PBXFileReference; fileEncoding = 4; lastKnownFileType = sourcecode.swift; path = Two_Sum.swift; sourceTree = "<group>"; };
		EB717B5A1D73E500003F849C /* Longest_Palindromic_Substring.swift */ = {isa = PBXFileReference; fileEncoding = 4; lastKnownFileType = sourcecode.swift; path = Longest_Palindromic_Substring.swift; sourceTree = "<group>"; };
		EB8D16C71D7D742B003E64C8 /* ZigZag_Conversion.swift */ = {isa = PBXFileReference; fileEncoding = 4; lastKnownFileType = sourcecode.swift; path = ZigZag_Conversion.swift; sourceTree = "<group>"; };
		EB8D16E21D7FA3BC003E64C8 /* Reverse_Integer.swift */ = {isa = PBXFileReference; fileEncoding = 4; lastKnownFileType = sourcecode.swift; path = Reverse_Integer.swift; sourceTree = "<group>"; };
		EBA3A4622030380700E6D497 /* Add_Binary.swift */ = {isa = PBXFileReference; lastKnownFileType = sourcecode.swift; path = Add_Binary.swift; sourceTree = "<group>"; };
		EBC082A3202D7ECE00E2036D /* Merge_Two_Lists.swift */ = {isa = PBXFileReference; lastKnownFileType = sourcecode.swift; path = Merge_Two_Lists.swift; sourceTree = "<group>"; };
		EBC082A5202D863800E2036D /* Remove_Duplicates_From_Sorted_Array.swift */ = {isa = PBXFileReference; lastKnownFileType = sourcecode.swift; path = Remove_Duplicates_From_Sorted_Array.swift; sourceTree = "<group>"; };
		EBC082A7202D8AC800E2036D /* Remove_Element.swift */ = {isa = PBXFileReference; lastKnownFileType = sourcecode.swift; path = Remove_Element.swift; sourceTree = "<group>"; };
		EBDE85832030316B00BDBF5F /* Plus_One.swift */ = {isa = PBXFileReference; lastKnownFileType = sourcecode.swift; path = Plus_One.swift; sourceTree = "<group>"; };
		EBEFC946203E60F50013D9D0 /* Climbing_Stairs.swift */ = {isa = PBXFileReference; lastKnownFileType = sourcecode.swift; path = Climbing_Stairs.swift; sourceTree = "<group>"; };
/* End PBXFileReference section */

/* Begin PBXFrameworksBuildPhase section */
		EB5DA07B1CEDBC710060092D /* Frameworks */ = {
			isa = PBXFrameworksBuildPhase;
			buildActionMask = 2147483647;
			files = (
			);
			runOnlyForDeploymentPostprocessing = 0;
		};
		EB5DA08F1CEDBC710060092D /* Frameworks */ = {
			isa = PBXFrameworksBuildPhase;
			buildActionMask = 2147483647;
			files = (
			);
			runOnlyForDeploymentPostprocessing = 0;
		};
		EB5DA09A1CEDBC710060092D /* Frameworks */ = {
			isa = PBXFrameworksBuildPhase;
			buildActionMask = 2147483647;
			files = (
			);
			runOnlyForDeploymentPostprocessing = 0;
		};
/* End PBXFrameworksBuildPhase section */

/* Begin PBXGroup section */
		EB5DA0751CEDBC710060092D = {
			isa = PBXGroup;
			children = (
				EB5DA0801CEDBC710060092D /* LeetCodePractice */,
				EB5DA0951CEDBC710060092D /* LeetCodeTowSumTests */,
				EB5DA0A01CEDBC710060092D /* LeetCodeTowSumUITests */,
				EB5DA07F1CEDBC710060092D /* Products */,
			);
			sourceTree = "<group>";
		};
		EB5DA07F1CEDBC710060092D /* Products */ = {
			isa = PBXGroup;
			children = (
				EB5DA07E1CEDBC710060092D /* LeetCodePractice.app */,
				EB5DA0921CEDBC710060092D /* LeetCodePractice.xctest */,
				EB5DA09D1CEDBC710060092D /* LeetCodePractice.xctest */,
			);
			name = Products;
			sourceTree = "<group>";
		};
		EB5DA0801CEDBC710060092D /* LeetCodePractice */ = {
			isa = PBXGroup;
			children = (
				EB5DA0811CEDBC710060092D /* AppDelegate.swift */,
				EB5DA0831CEDBC710060092D /* ViewController.swift */,
				EB5DA0851CEDBC710060092D /* Main.storyboard */,
				EB5DA0881CEDBC710060092D /* Assets.xcassets */,
				EB5DA08A1CEDBC710060092D /* LaunchScreen.storyboard */,
				EB5DA08D1CEDBC710060092D /* Info.plist */,
				EB717B431D6FFCC1003F849C /* Solution.swift */,
				EBA3A466203038A400E6D497 /* Easy */,
				EBA3A4642030386700E6D497 /* Medium */,
				EBA3A4652030388D00E6D497 /* Hard */,
			);
			path = LeetCodePractice;
			sourceTree = "<group>";
		};
		EB5DA0951CEDBC710060092D /* LeetCodeTowSumTests */ = {
			isa = PBXGroup;
			children = (
				EB5DA0961CEDBC710060092D /* LeetCodeTowSumTests.swift */,
				EB5DA0981CEDBC710060092D /* Info.plist */,
			);
			path = LeetCodeTowSumTests;
			sourceTree = "<group>";
		};
		EB5DA0A01CEDBC710060092D /* LeetCodeTowSumUITests */ = {
			isa = PBXGroup;
			children = (
				EB5DA0A11CEDBC710060092D /* LeetCodeTowSumUITests.swift */,
				EB5DA0A31CEDBC710060092D /* Info.plist */,
			);
			path = LeetCodeTowSumUITests;
			sourceTree = "<group>";
		};
		EBA3A4642030386700E6D497 /* Medium */ = {
			isa = PBXGroup;
			children = (
				EB8D16C71D7D742B003E64C8 /* ZigZag_Conversion.swift */,
				EB717B5A1D73E500003F849C /* Longest_Palindromic_Substring.swift */,
				EB717B411D6FFC99003F849C /* Add_Two_Numbers.swift */,
				EB717B3F1D6FF267003F849C /* Longest_Substring_Without_Repeating_Characters.swift */,
			);
			path = Medium;
			sourceTree = "<group>";
		};
		EBA3A4652030388D00E6D497 /* Hard */ = {
			isa = PBXGroup;
			children = (
				EB717B3D1D6FF225003F849C /* Median_Of_Two_Sorted_Array.swift */,
			);
			path = Hard;
			sourceTree = "<group>";
		};
		EBA3A466203038A400E6D497 /* Easy */ = {
			isa = PBXGroup;
			children = (
				EB717B451D6FFD2A003F849C /* Two_Sum.swift */,
				EB8D16E21D7FA3BC003E64C8 /* Reverse_Integer.swift */,
				EB39B96D1D80EFDA0037BB89 /* String_To_Integer(aoti).swift */,
				EB28B02F202C53BF001E8AFC /* Longest_Common_Prefix.swift */,
				EB28B031202C54A3001E8AFC /* Is_Palindrome.swift */,
				EB28B033202C54D2001E8AFC /* Roman_To_Int.swift */,
				EB28B035202D7541001E8AFC /* Valid_Parentheses.swift */,
				EBC082A3202D7ECE00E2036D /* Merge_Two_Lists.swift */,
				EBC082A5202D863800E2036D /* Remove_Duplicates_From_Sorted_Array.swift */,
				EBC082A7202D8AC800E2036D /* Remove_Element.swift */,
				EB5193F4202D997F00845E12 /* Implement_strStr.swift */,
				EB02A413202FD79B00C4F3FE /* Search_Insert_Position.swift */,
				EB02A41B202FE6D500C4F3FE /* Count_And_Say.swift */,
				EB02A41D202FED3D00C4F3FE /* Maximum_Subarray.swift */,
				EB70191420302AB9007757EF /* Length_Of_Last_Word.swift */,
				EBDE85832030316B00BDBF5F /* Plus_One.swift */,
				EBA3A4622030380700E6D497 /* Add_Binary.swift */,
				EB66D3E6203E525A00D449D1 /* Sqrt(x).swift */,
				EBEFC946203E60F50013D9D0 /* Climbing_Stairs.swift */,
			);
			path = Easy;
			sourceTree = "<group>";
		};
/* End PBXGroup section */

/* Begin PBXNativeTarget section */
		EB5DA07D1CEDBC710060092D /* LeetCodePractice */ = {
			isa = PBXNativeTarget;
			buildConfigurationList = EB5DA0A61CEDBC710060092D /* Build configuration list for PBXNativeTarget "LeetCodePractice" */;
			buildPhases = (
				EB5DA07A1CEDBC710060092D /* Sources */,
				EB5DA07B1CEDBC710060092D /* Frameworks */,
				EB5DA07C1CEDBC710060092D /* Resources */,
			);
			buildRules = (
			);
			dependencies = (
			);
			name = LeetCodePractice;
			productName = LeetCodeTowSum;
			productReference = EB5DA07E1CEDBC710060092D /* LeetCodePractice.app */;
			productType = "com.apple.product-type.application";
		};
		EB5DA0911CEDBC710060092D /* LeetCodePracticeTests */ = {
			isa = PBXNativeTarget;
			buildConfigurationList = EB5DA0A91CEDBC710060092D /* Build configuration list for PBXNativeTarget "LeetCodePracticeTests" */;
			buildPhases = (
				EB5DA08E1CEDBC710060092D /* Sources */,
				EB5DA08F1CEDBC710060092D /* Frameworks */,
				EB5DA0901CEDBC710060092D /* Resources */,
			);
			buildRules = (
			);
			dependencies = (
				EB5DA0941CEDBC710060092D /* PBXTargetDependency */,
			);
			name = LeetCodePracticeTests;
			productName = LeetCodeTowSumTests;
			productReference = EB5DA0921CEDBC710060092D /* LeetCodePractice.xctest */;
			productType = "com.apple.product-type.bundle.unit-test";
		};
		EB5DA09C1CEDBC710060092D /* LeetCodePracticeUITests */ = {
			isa = PBXNativeTarget;
			buildConfigurationList = EB5DA0AC1CEDBC710060092D /* Build configuration list for PBXNativeTarget "LeetCodePracticeUITests" */;
			buildPhases = (
				EB5DA0991CEDBC710060092D /* Sources */,
				EB5DA09A1CEDBC710060092D /* Frameworks */,
				EB5DA09B1CEDBC710060092D /* Resources */,
			);
			buildRules = (
			);
			dependencies = (
				EB5DA09F1CEDBC710060092D /* PBXTargetDependency */,
			);
			name = LeetCodePracticeUITests;
			productName = LeetCodeTowSumUITests;
			productReference = EB5DA09D1CEDBC710060092D /* LeetCodePractice.xctest */;
			productType = "com.apple.product-type.bundle.ui-testing";
		};
/* End PBXNativeTarget section */

/* Begin PBXProject section */
		EB5DA0761CEDBC710060092D /* Project object */ = {
			isa = PBXProject;
			attributes = {
				LastSwiftUpdateCheck = 0730;
				LastUpgradeCheck = 0920;
				ORGANIZATIONNAME = "Zhuang Xiaowei";
				TargetAttributes = {
					EB5DA07D1CEDBC710060092D = {
						CreatedOnToolsVersion = 7.3;
					};
					EB5DA0911CEDBC710060092D = {
						CreatedOnToolsVersion = 7.3;
						TestTargetID = EB5DA07D1CEDBC710060092D;
					};
					EB5DA09C1CEDBC710060092D = {
						CreatedOnToolsVersion = 7.3;
						TestTargetID = EB5DA07D1CEDBC710060092D;
					};
				};
			};
			buildConfigurationList = EB5DA0791CEDBC710060092D /* Build configuration list for PBXProject "LeetCodePractice" */;
			compatibilityVersion = "Xcode 3.2";
			developmentRegion = English;
			hasScannedForEncodings = 0;
			knownRegions = (
				en,
				Base,
			);
			mainGroup = EB5DA0751CEDBC710060092D;
			productRefGroup = EB5DA07F1CEDBC710060092D /* Products */;
			projectDirPath = "";
			projectRoot = "";
			targets = (
				EB5DA07D1CEDBC710060092D /* LeetCodePractice */,
				EB5DA0911CEDBC710060092D /* LeetCodePracticeTests */,
				EB5DA09C1CEDBC710060092D /* LeetCodePracticeUITests */,
			);
		};
/* End PBXProject section */

/* Begin PBXResourcesBuildPhase section */
		EB5DA07C1CEDBC710060092D /* Resources */ = {
			isa = PBXResourcesBuildPhase;
			buildActionMask = 2147483647;
			files = (
				EB5DA08C1CEDBC710060092D /* LaunchScreen.storyboard in Resources */,
				EB5DA0891CEDBC710060092D /* Assets.xcassets in Resources */,
				EB5DA0871CEDBC710060092D /* Main.storyboard in Resources */,
			);
			runOnlyForDeploymentPostprocessing = 0;
		};
		EB5DA0901CEDBC710060092D /* Resources */ = {
			isa = PBXResourcesBuildPhase;
			buildActionMask = 2147483647;
			files = (
			);
			runOnlyForDeploymentPostprocessing = 0;
		};
		EB5DA09B1CEDBC710060092D /* Resources */ = {
			isa = PBXResourcesBuildPhase;
			buildActionMask = 2147483647;
			files = (
			);
			runOnlyForDeploymentPostprocessing = 0;
		};
/* End PBXResourcesBuildPhase section */

/* Begin PBXSourcesBuildPhase section */
		EB5DA07A1CEDBC710060092D /* Sources */ = {
			isa = PBXSourcesBuildPhase;
			buildActionMask = 2147483647;
			files = (
				EBEFC947203E60F50013D9D0 /* Climbing_Stairs.swift in Sources */,
				EBC082A8202D8AC800E2036D /* Remove_Element.swift in Sources */,
				EB02A414202FD79B00C4F3FE /* Search_Insert_Position.swift in Sources */,
				EB717B421D6FFC99003F849C /* Add_Two_Numbers.swift in Sources */,
				EB717B401D6FF267003F849C /* Longest_Substring_Without_Repeating_Characters.swift in Sources */,
				EB28B034202C54D2001E8AFC /* Roman_To_Int.swift in Sources */,
				EB02A41C202FE6D500C4F3FE /* Count_And_Say.swift in Sources */,
				EB5193F5202D997F00845E12 /* Implement_strStr.swift in Sources */,
				EB717B441D6FFCC1003F849C /* Solution.swift in Sources */,
				EB8D16E31D7FA3BC003E64C8 /* Reverse_Integer.swift in Sources */,
				EBA3A4632030380700E6D497 /* Add_Binary.swift in Sources */,
				EB02A41E202FED3D00C4F3FE /* Maximum_Subarray.swift in Sources */,
				EB28B036202D7541001E8AFC /* Valid_Parentheses.swift in Sources */,
				EB70191520302AB9007757EF /* Length_Of_Last_Word.swift in Sources */,
				EB8D16C81D7D742B003E64C8 /* ZigZag_Conversion.swift in Sources */,
				EBC082A4202D7ECE00E2036D /* Merge_Two_Lists.swift in Sources */,
				EB717B5B1D73E500003F849C /* Longest_Palindromic_Substring.swift in Sources */,
				EB717B3E1D6FF225003F849C /* Median_Of_Two_Sorted_Array.swift in Sources */,
				EB28B030202C53BF001E8AFC /* Longest_Common_Prefix.swift in Sources */,
				EB5DA0841CEDBC710060092D /* ViewController.swift in Sources */,
				EB39B96E1D80EFDA0037BB89 /* String_To_Integer(aoti).swift in Sources */,
				EB28B032202C54A3001E8AFC /* Is_Palindrome.swift in Sources */,
				EB717B461D6FFD2A003F849C /* Two_Sum.swift in Sources */,
				EB5DA0821CEDBC710060092D /* AppDelegate.swift in Sources */,
				EB66D3E7203E525A00D449D1 /* Sqrt(x).swift in Sources */,
				EBDE85842030316B00BDBF5F /* Plus_One.swift in Sources */,
				EBC082A6202D863800E2036D /* Remove_Duplicates_From_Sorted_Array.swift in Sources */,
			);
			runOnlyForDeploymentPostprocessing = 0;
		};
		EB5DA08E1CEDBC710060092D /* Sources */ = {
			isa = PBXSourcesBuildPhase;
			buildActionMask = 2147483647;
			files = (
				EB5DA0971CEDBC710060092D /* LeetCodeTowSumTests.swift in Sources */,
			);
			runOnlyForDeploymentPostprocessing = 0;
		};
		EB5DA0991CEDBC710060092D /* Sources */ = {
			isa = PBXSourcesBuildPhase;
			buildActionMask = 2147483647;
			files = (
				EB5DA0A21CEDBC710060092D /* LeetCodeTowSumUITests.swift in Sources */,
			);
			runOnlyForDeploymentPostprocessing = 0;
		};
/* End PBXSourcesBuildPhase section */

/* Begin PBXTargetDependency section */
		EB5DA0941CEDBC710060092D /* PBXTargetDependency */ = {
			isa = PBXTargetDependency;
			target = EB5DA07D1CEDBC710060092D /* LeetCodePractice */;
			targetProxy = EB5DA0931CEDBC710060092D /* PBXContainerItemProxy */;
		};
		EB5DA09F1CEDBC710060092D /* PBXTargetDependency */ = {
			isa = PBXTargetDependency;
			target = EB5DA07D1CEDBC710060092D /* LeetCodePractice */;
			targetProxy = EB5DA09E1CEDBC710060092D /* PBXContainerItemProxy */;
		};
/* End PBXTargetDependency section */

/* Begin PBXVariantGroup section */
		EB5DA0851CEDBC710060092D /* Main.storyboard */ = {
			isa = PBXVariantGroup;
			children = (
				EB5DA0861CEDBC710060092D /* Base */,
			);
			name = Main.storyboard;
			sourceTree = "<group>";
		};
		EB5DA08A1CEDBC710060092D /* LaunchScreen.storyboard */ = {
			isa = PBXVariantGroup;
			children = (
				EB5DA08B1CEDBC710060092D /* Base */,
			);
			name = LaunchScreen.storyboard;
			sourceTree = "<group>";
		};
/* End PBXVariantGroup section */

/* Begin XCBuildConfiguration section */
		EB5DA0A41CEDBC710060092D /* Debug */ = {
			isa = XCBuildConfiguration;
			buildSettings = {
				ALWAYS_SEARCH_USER_PATHS = NO;
				CLANG_ANALYZER_NONNULL = YES;
				CLANG_CXX_LANGUAGE_STANDARD = "gnu++0x";
				CLANG_CXX_LIBRARY = "libc++";
				CLANG_ENABLE_MODULES = YES;
				CLANG_ENABLE_OBJC_ARC = YES;
				CLANG_WARN_BLOCK_CAPTURE_AUTORELEASING = YES;
				CLANG_WARN_BOOL_CONVERSION = YES;
				CLANG_WARN_COMMA = YES;
				CLANG_WARN_CONSTANT_CONVERSION = YES;
				CLANG_WARN_DIRECT_OBJC_ISA_USAGE = YES_ERROR;
				CLANG_WARN_EMPTY_BODY = YES;
				CLANG_WARN_ENUM_CONVERSION = YES;
				CLANG_WARN_INFINITE_RECURSION = YES;
				CLANG_WARN_INT_CONVERSION = YES;
				CLANG_WARN_NON_LITERAL_NULL_CONVERSION = YES;
				CLANG_WARN_OBJC_LITERAL_CONVERSION = YES;
				CLANG_WARN_OBJC_ROOT_CLASS = YES_ERROR;
				CLANG_WARN_RANGE_LOOP_ANALYSIS = YES;
				CLANG_WARN_STRICT_PROTOTYPES = YES;
				CLANG_WARN_SUSPICIOUS_MOVE = YES;
				CLANG_WARN_UNREACHABLE_CODE = YES;
				CLANG_WARN__DUPLICATE_METHOD_MATCH = YES;
				"CODE_SIGN_IDENTITY[sdk=iphoneos*]" = "iPhone Developer";
				COPY_PHASE_STRIP = NO;
				DEBUG_INFORMATION_FORMAT = dwarf;
				ENABLE_STRICT_OBJC_MSGSEND = YES;
				ENABLE_TESTABILITY = YES;
				GCC_C_LANGUAGE_STANDARD = gnu99;
				GCC_DYNAMIC_NO_PIC = NO;
				GCC_NO_COMMON_BLOCKS = YES;
				GCC_OPTIMIZATION_LEVEL = 0;
				GCC_PREPROCESSOR_DEFINITIONS = (
					"DEBUG=1",
					"$(inherited)",
				);
				GCC_WARN_64_TO_32_BIT_CONVERSION = YES;
				GCC_WARN_ABOUT_RETURN_TYPE = YES_ERROR;
				GCC_WARN_UNDECLARED_SELECTOR = YES;
				GCC_WARN_UNINITIALIZED_AUTOS = YES_AGGRESSIVE;
				GCC_WARN_UNUSED_FUNCTION = YES;
				GCC_WARN_UNUSED_VARIABLE = YES;
				IPHONEOS_DEPLOYMENT_TARGET = 9.3;
				MTL_ENABLE_DEBUG_INFO = YES;
				ONLY_ACTIVE_ARCH = YES;
				SDKROOT = iphoneos;
				SWIFT_OPTIMIZATION_LEVEL = "-Onone";
				TARGETED_DEVICE_FAMILY = "1,2";
			};
			name = Debug;
		};
		EB5DA0A51CEDBC710060092D /* Release */ = {
			isa = XCBuildConfiguration;
			buildSettings = {
				ALWAYS_SEARCH_USER_PATHS = NO;
				CLANG_ANALYZER_NONNULL = YES;
				CLANG_CXX_LANGUAGE_STANDARD = "gnu++0x";
				CLANG_CXX_LIBRARY = "libc++";
				CLANG_ENABLE_MODULES = YES;
				CLANG_ENABLE_OBJC_ARC = YES;
				CLANG_WARN_BLOCK_CAPTURE_AUTORELEASING = YES;
				CLANG_WARN_BOOL_CONVERSION = YES;
				CLANG_WARN_COMMA = YES;
				CLANG_WARN_CONSTANT_CONVERSION = YES;
				CLANG_WARN_DIRECT_OBJC_ISA_USAGE = YES_ERROR;
				CLANG_WARN_EMPTY_BODY = YES;
				CLANG_WARN_ENUM_CONVERSION = YES;
				CLANG_WARN_INFINITE_RECURSION = YES;
				CLANG_WARN_INT_CONVERSION = YES;
				CLANG_WARN_NON_LITERAL_NULL_CONVERSION = YES;
				CLANG_WARN_OBJC_LITERAL_CONVERSION = YES;
				CLANG_WARN_OBJC_ROOT_CLASS = YES_ERROR;
				CLANG_WARN_RANGE_LOOP_ANALYSIS = YES;
				CLANG_WARN_STRICT_PROTOTYPES = YES;
				CLANG_WARN_SUSPICIOUS_MOVE = YES;
				CLANG_WARN_UNREACHABLE_CODE = YES;
				CLANG_WARN__DUPLICATE_METHOD_MATCH = YES;
				"CODE_SIGN_IDENTITY[sdk=iphoneos*]" = "iPhone Developer";
				COPY_PHASE_STRIP = NO;
				DEBUG_INFORMATION_FORMAT = "dwarf-with-dsym";
				ENABLE_NS_ASSERTIONS = NO;
				ENABLE_STRICT_OBJC_MSGSEND = YES;
				GCC_C_LANGUAGE_STANDARD = gnu99;
				GCC_NO_COMMON_BLOCKS = YES;
				GCC_WARN_64_TO_32_BIT_CONVERSION = YES;
				GCC_WARN_ABOUT_RETURN_TYPE = YES_ERROR;
				GCC_WARN_UNDECLARED_SELECTOR = YES;
				GCC_WARN_UNINITIALIZED_AUTOS = YES_AGGRESSIVE;
				GCC_WARN_UNUSED_FUNCTION = YES;
				GCC_WARN_UNUSED_VARIABLE = YES;
				IPHONEOS_DEPLOYMENT_TARGET = 9.3;
				MTL_ENABLE_DEBUG_INFO = NO;
				SDKROOT = iphoneos;
				SWIFT_OPTIMIZATION_LEVEL = "-Owholemodule";
				TARGETED_DEVICE_FAMILY = "1,2";
				VALIDATE_PRODUCT = YES;
			};
			name = Release;
		};
		EB5DA0A71CEDBC710060092D /* Debug */ = {
			isa = XCBuildConfiguration;
			buildSettings = {
				ASSETCATALOG_COMPILER_APPICON_NAME = AppIcon;
				INFOPLIST_FILE = LeetCodePractice/Info.plist;
				LD_RUNPATH_SEARCH_PATHS = "$(inherited) @executable_path/Frameworks";
				PRODUCT_BUNDLE_IDENTIFIER = com.eli.transition.LeetCodePractice;
				PRODUCT_NAME = LeetCodePractice;
				SWIFT_VERSION = 4.0;
			};
			name = Debug;
		};
		EB5DA0A81CEDBC710060092D /* Release */ = {
			isa = XCBuildConfiguration;
			buildSettings = {
				ASSETCATALOG_COMPILER_APPICON_NAME = AppIcon;
				INFOPLIST_FILE = LeetCodePractice/Info.plist;
				LD_RUNPATH_SEARCH_PATHS = "$(inherited) @executable_path/Frameworks";
				PRODUCT_BUNDLE_IDENTIFIER = com.eli.transition.LeetCodePractice;
				PRODUCT_NAME = LeetCodePractice;
				SWIFT_VERSION = 4.0;
			};
			name = Release;
		};
		EB5DA0AA1CEDBC710060092D /* Debug */ = {
			isa = XCBuildConfiguration;
			buildSettings = {
				BUNDLE_LOADER = "$(TEST_HOST)";
				INFOPLIST_FILE = LeetCodeTowSumTests/Info.plist;
				LD_RUNPATH_SEARCH_PATHS = "$(inherited) @executable_path/Frameworks @loader_path/Frameworks";
				PRODUCT_BUNDLE_IDENTIFIER = com.eli.transition.LeetCodeTowSumTests;
				PRODUCT_NAME = LeetCodePractice;
				SWIFT_VERSION = 4.0;
				TEST_HOST = "$(BUILT_PRODUCTS_DIR)/LeetCodePractice.app/LeetCodePractice";
			};
			name = Debug;
		};
		EB5DA0AB1CEDBC710060092D /* Release */ = {
			isa = XCBuildConfiguration;
			buildSettings = {
				BUNDLE_LOADER = "$(TEST_HOST)";
				INFOPLIST_FILE = LeetCodeTowSumTests/Info.plist;
				LD_RUNPATH_SEARCH_PATHS = "$(inherited) @executable_path/Frameworks @loader_path/Frameworks";
				PRODUCT_BUNDLE_IDENTIFIER = com.eli.transition.LeetCodeTowSumTests;
				PRODUCT_NAME = LeetCodePractice;
				SWIFT_VERSION = 4.0;
				TEST_HOST = "$(BUILT_PRODUCTS_DIR)/LeetCodePractice.app/LeetCodePractice";
			};
			name = Release;
		};
		EB5DA0AD1CEDBC710060092D /* Debug */ = {
			isa = XCBuildConfiguration;
			buildSettings = {
				INFOPLIST_FILE = LeetCodeTowSumUITests/Info.plist;
				LD_RUNPATH_SEARCH_PATHS = "$(inherited) @executable_path/Frameworks @loader_path/Frameworks";
				PRODUCT_BUNDLE_IDENTIFIER = com.eli.transition.LeetCodeTowSumUITests;
				PRODUCT_NAME = LeetCodePractice;
				SWIFT_VERSION = 4.0;
				TEST_TARGET_NAME = LeetCodeTowSum;
			};
			name = Debug;
		};
		EB5DA0AE1CEDBC710060092D /* Release */ = {
			isa = XCBuildConfiguration;
			buildSettings = {
				INFOPLIST_FILE = LeetCodeTowSumUITests/Info.plist;
				LD_RUNPATH_SEARCH_PATHS = "$(inherited) @executable_path/Frameworks @loader_path/Frameworks";
				PRODUCT_BUNDLE_IDENTIFIER = com.eli.transition.LeetCodeTowSumUITests;
				PRODUCT_NAME = LeetCodePractice;
				SWIFT_VERSION = 4.0;
				TEST_TARGET_NAME = LeetCodeTowSum;
			};
			name = Release;
		};
/* End XCBuildConfiguration section */

/* Begin XCConfigurationList section */
		EB5DA0791CEDBC710060092D /* Build configuration list for PBXProject "LeetCodePractice" */ = {
			isa = XCConfigurationList;
			buildConfigurations = (
				EB5DA0A41CEDBC710060092D /* Debug */,
				EB5DA0A51CEDBC710060092D /* Release */,
			);
			defaultConfigurationIsVisible = 0;
			defaultConfigurationName = Release;
		};
		EB5DA0A61CEDBC710060092D /* Build configuration list for PBXNativeTarget "LeetCodePractice" */ = {
			isa = XCConfigurationList;
			buildConfigurations = (
				EB5DA0A71CEDBC710060092D /* Debug */,
				EB5DA0A81CEDBC710060092D /* Release */,
			);
			defaultConfigurationIsVisible = 0;
			defaultConfigurationName = Release;
		};
		EB5DA0A91CEDBC710060092D /* Build configuration list for PBXNativeTarget "LeetCodePracticeTests" */ = {
			isa = XCConfigurationList;
			buildConfigurations = (
				EB5DA0AA1CEDBC710060092D /* Debug */,
				EB5DA0AB1CEDBC710060092D /* Release */,
			);
			defaultConfigurationIsVisible = 0;
			defaultConfigurationName = Release;
		};
		EB5DA0AC1CEDBC710060092D /* Build configuration list for PBXNativeTarget "LeetCodePracticeUITests" */ = {
			isa = XCConfigurationList;
			buildConfigurations = (
				EB5DA0AD1CEDBC710060092D /* Debug */,
				EB5DA0AE1CEDBC710060092D /* Release */,
			);
			defaultConfigurationIsVisible = 0;
			defaultConfigurationName = Release;
		};
/* End XCConfigurationList section */
	};
	rootObject = EB5DA0761CEDBC710060092D /* Project object */;
}
